
Microsoft Visual Studio Solution File, Format Version 12.00
# Visual Studio Version 17
VisualStudioVersion = 17.10.35004.147
MinimumVisualStudioVersion = 10.0.40219.1
Project("{9A19103F-16F7-4668-BE54-9A1E7A4F7556}") = "CadastroAPI", "CadastroAPI\CadastroAPI.csproj", "{0021466C-1E15-45DC-AA9C-6BF837FF4676}"
EndProject
Project("{2150E333-8FDC-42A3-9474-1A3956D46DE8}") = "Services", "Services", "{6457CA50-5004-44A4-9100-99DA3860F0D9}"
EndProject
Project("{2150E333-8FDC-42A3-9474-1A3956D46DE8}") = "Data", "Data", "{777EA6FE-038F-4D85-8297-BA6A2BCC6DA5}"
EndProject
Project("{2150E333-8FDC-42A3-9474-1A3956D46DE8}") = "Domain", "Domain", "{EC25E6D5-54B4-4B4E-85B7-8CEFF30DC7D1}"
EndProject
Project("{9A19103F-16F7-4668-BE54-9A1E7A4F7556}") = "Data", "Data\Data.csproj", "{F021DA40-8E71-4CED-894F-DD27904FDE9A}"
EndProject
Project("{9A19103F-16F7-4668-BE54-9A1E7A4F7556}") = "Domain", "Domain\Domain.csproj", "{3B2DB3F9-B78E-42BD-B5BC-173F94C039E8}"
EndProject
Project("{2150E333-8FDC-42A3-9474-1A3956D46DE8}") = "CADASTRO", "CADASTRO", "{4D100ACF-921B-4446-90A3-C81A5B24B1F8}"
EndProject
Project("{2150E333-8FDC-42A3-9474-1A3956D46DE8}") = "ALTERA", "ALTERA", "{5A1EC39F-9DFD-41F6-8C6C-253A4D17529F}"
EndProject
Project("{9A19103F-16F7-4668-BE54-9A1E7A4F7556}") = "AlteraAPI", "AlteraAPI\AlteraAPI.csproj", "{49E8FB14-351C-46E8-91D0-57D06BDC24E3}"
EndProject
Project("{2150E333-8FDC-42A3-9474-1A3956D46DE8}") = "DELETE", "DELETE", "{5B54FC2D-EA0D-43B7-ADFB-EA1097D2AA17}"
EndProject
Project("{2150E333-8FDC-42A3-9474-1A3956D46DE8}") = "CONSULTA", "CONSULTA", "{7211575D-5B45-4F0C-B61D-E4236F19A65D}"
EndProject
Project("{2150E333-8FDC-42A3-9474-1A3956D46DE8}") = "TesteUnitarios", "TesteUnitarios", "{5741F648-2A8A-4042-8DB3-462F3BFF23DE}"
EndProject
Project("{2150E333-8FDC-42A3-9474-1A3956D46DE8}") = "CadastroAPI", "CadastroAPI", "{AA768387-7A88-4D16-851D-F316FD3F20F6}"
EndProject
Project("{2150E333-8FDC-42A3-9474-1A3956D46DE8}") = "AlteraAPI", "AlteraAPI", "{0409E3BD-2E74-4FF5-968C-DA973F9399A5}"
EndProject
Project("{2150E333-8FDC-42A3-9474-1A3956D46DE8}") = "TesteIntegracao", "TesteIntegracao", "{D83D21A6-7F76-4624-84F4-DD7A174AC5D6}"
EndProject
Project("{2150E333-8FDC-42A3-9474-1A3956D46DE8}") = "CadastroAPI", "CadastroAPI", "{CB154538-5AF5-4202-8872-760B5204624F}"
EndProject
Project("{9A19103F-16F7-4668-BE54-9A1E7A4F7556}") = "CadastroAPIIntegrationTest", "CadastroAPIIntegrationTest\CadastroAPIIntegrationTest.csproj", "{92CDC02C-4CFD-4FCC-85D3-3BFBE6B8A1BA}"
EndProject
Project("{9A19103F-16F7-4668-BE54-9A1E7A4F7556}") = "AlteraAPITest", "AlteraAPITest\AlteraAPITest.csproj", "{337497E1-B4EC-44F1-A42C-01F6CFD4B96D}"
EndProject
Project("{9A19103F-16F7-4668-BE54-9A1E7A4F7556}") = "CadastroAPITest", "CadastroAPITest\CadastroAPITest.csproj", "{D396F6CB-D78C-43DF-ADDE-771DE3A5216E}"
EndProject
Project("{9A19103F-16F7-4668-BE54-9A1E7A4F7556}") = "DeleteAPI", "DeleteAPI\DeleteAPI.csproj", "{017DE104-5A18-4FB4-A076-A5844557E786}"
EndProject
Project("{9A19103F-16F7-4668-BE54-9A1E7A4F7556}") = "ConsultaAPI", "ConsultaAPI\ConsultaAPI.csproj", "{7210844E-41C7-4F05-B9E9-2548012FA3B1}"
EndProject
Project("{2150E333-8FDC-42A3-9474-1A3956D46DE8}") = "AlteraAPI", "AlteraAPI", "{36B6BA78-797A-4491-B596-5EC00128CF9A}"
EndProject
Project("{2150E333-8FDC-42A3-9474-1A3956D46DE8}") = "DeleteAPI", "DeleteAPI", "{44E8875E-309A-4120-BA79-CF32C546A790}"
EndProject
Project("{2150E333-8FDC-42A3-9474-1A3956D46DE8}") = "DeleteAPI", "DeleteAPI", "{31A153E2-DC0B-4E1E-B5E6-B579BA4A9C6F}"
EndProject
Project("{2150E333-8FDC-42A3-9474-1A3956D46DE8}") = "Consumer", "Consumer", "{57AE6172-4DA3-4656-B252-AFC160060ADD}"
EndProject
Project("{2150E333-8FDC-42A3-9474-1A3956D46DE8}") = "Productor", "Productor", "{73F6F191-69EE-42BE-B04B-60CACE637F59}"
EndProject
Project("{9A19103F-16F7-4668-BE54-9A1E7A4F7556}") = "Consumer", "Consumer\Consumer.csproj", "{F6BE2072-DC4C-4A57-9511-B0575D3B9578}"
EndProject
Project("{9A19103F-16F7-4668-BE54-9A1E7A4F7556}") = "ProdutorAPI", "ProdutorAPI\ProdutorAPI.csproj", "{7CBB6E96-27A2-47A6-BF96-1FB29346A954}"
EndProject
Project("{2150E333-8FDC-42A3-9474-1A3956D46DE8}") = "Solution Items", "Solution Items", "{1B13705B-2666-4F84-969B-56D2BD882FF4}"
	ProjectSection(SolutionItems) = preProject
		Docker-Compose.yml = Docker-Compose.yml
		DockerfileAltera = DockerfileAltera
		DockerfileCadastro = DockerfileCadastro
		DockerfileConsulta = DockerfileConsulta
		DockerfileDeleta = DockerfileDeleta
	EndProjectSection
EndProject
Project("{9A19103F-16F7-4668-BE54-9A1E7A4F7556}") = "DeleteAPITest", "DeleteAPITest\DeleteAPITest.csproj", "{05E2C7AF-0A27-4D65-9253-7102DF5A35FD}"
EndProject
Project("{9A19103F-16F7-4668-BE54-9A1E7A4F7556}") = "AlteraAPIIntegrationTest", "AlteraAPIIntegrationTest\AlteraAPIIntegrationTest.csproj", "{D3E5F642-DBE3-47FA-88BE-55B2513AC2CC}"
EndProject
Project("{9A19103F-16F7-4668-BE54-9A1E7A4F7556}") = "DeletaAPIIntegrationTest", "DeletaAPIIntegrationTest\DeletaAPIIntegrationTest.csproj", "{53BCCAB4-12D8-4CC4-98C8-D7FCB9D47FDC}"
EndProject
Global
	GlobalSection(SolutionConfigurationPlatforms) = preSolution
		Debug|Any CPU = Debug|Any CPU
		Release|Any CPU = Release|Any CPU
	EndGlobalSection
	GlobalSection(ProjectConfigurationPlatforms) = postSolution
		{0021466C-1E15-45DC-AA9C-6BF837FF4676}.Debug|Any CPU.ActiveCfg = Debug|Any CPU
		{0021466C-1E15-45DC-AA9C-6BF837FF4676}.Debug|Any CPU.Build.0 = Debug|Any CPU
		{0021466C-1E15-45DC-AA9C-6BF837FF4676}.Release|Any CPU.ActiveCfg = Release|Any CPU
		{0021466C-1E15-45DC-AA9C-6BF837FF4676}.Release|Any CPU.Build.0 = Release|Any CPU
		{F021DA40-8E71-4CED-894F-DD27904FDE9A}.Debug|Any CPU.ActiveCfg = Debug|Any CPU
		{F021DA40-8E71-4CED-894F-DD27904FDE9A}.Debug|Any CPU.Build.0 = Debug|Any CPU
		{F021DA40-8E71-4CED-894F-DD27904FDE9A}.Release|Any CPU.ActiveCfg = Release|Any CPU
		{F021DA40-8E71-4CED-894F-DD27904FDE9A}.Release|Any CPU.Build.0 = Release|Any CPU
		{3B2DB3F9-B78E-42BD-B5BC-173F94C039E8}.Debug|Any CPU.ActiveCfg = Debug|Any CPU
		{3B2DB3F9-B78E-42BD-B5BC-173F94C039E8}.Debug|Any CPU.Build.0 = Debug|Any CPU
		{3B2DB3F9-B78E-42BD-B5BC-173F94C039E8}.Release|Any CPU.ActiveCfg = Release|Any CPU
		{3B2DB3F9-B78E-42BD-B5BC-173F94C039E8}.Release|Any CPU.Build.0 = Release|Any CPU
		{49E8FB14-351C-46E8-91D0-57D06BDC24E3}.Debug|Any CPU.ActiveCfg = Debug|Any CPU
		{49E8FB14-351C-46E8-91D0-57D06BDC24E3}.Debug|Any CPU.Build.0 = Debug|Any CPU
		{49E8FB14-351C-46E8-91D0-57D06BDC24E3}.Release|Any CPU.ActiveCfg = Release|Any CPU
		{49E8FB14-351C-46E8-91D0-57D06BDC24E3}.Release|Any CPU.Build.0 = Release|Any CPU
		{92CDC02C-4CFD-4FCC-85D3-3BFBE6B8A1BA}.Debug|Any CPU.ActiveCfg = Debug|Any CPU
		{92CDC02C-4CFD-4FCC-85D3-3BFBE6B8A1BA}.Debug|Any CPU.Build.0 = Debug|Any CPU
		{92CDC02C-4CFD-4FCC-85D3-3BFBE6B8A1BA}.Release|Any CPU.ActiveCfg = Release|Any CPU
		{92CDC02C-4CFD-4FCC-85D3-3BFBE6B8A1BA}.Release|Any CPU.Build.0 = Release|Any CPU
		{337497E1-B4EC-44F1-A42C-01F6CFD4B96D}.Debug|Any CPU.ActiveCfg = Debug|Any CPU
		{337497E1-B4EC-44F1-A42C-01F6CFD4B96D}.Debug|Any CPU.Build.0 = Debug|Any CPU
		{337497E1-B4EC-44F1-A42C-01F6CFD4B96D}.Release|Any CPU.ActiveCfg = Release|Any CPU
		{337497E1-B4EC-44F1-A42C-01F6CFD4B96D}.Release|Any CPU.Build.0 = Release|Any CPU
		{D396F6CB-D78C-43DF-ADDE-771DE3A5216E}.Debug|Any CPU.ActiveCfg = Debug|Any CPU
		{D396F6CB-D78C-43DF-ADDE-771DE3A5216E}.Debug|Any CPU.Build.0 = Debug|Any CPU
		{D396F6CB-D78C-43DF-ADDE-771DE3A5216E}.Release|Any CPU.ActiveCfg = Release|Any CPU
		{D396F6CB-D78C-43DF-ADDE-771DE3A5216E}.Release|Any CPU.Build.0 = Release|Any CPU
		{017DE104-5A18-4FB4-A076-A5844557E786}.Debug|Any CPU.ActiveCfg = Debug|Any CPU
		{017DE104-5A18-4FB4-A076-A5844557E786}.Debug|Any CPU.Build.0 = Debug|Any CPU
		{017DE104-5A18-4FB4-A076-A5844557E786}.Release|Any CPU.ActiveCfg = Release|Any CPU
		{017DE104-5A18-4FB4-A076-A5844557E786}.Release|Any CPU.Build.0 = Release|Any CPU
		{7210844E-41C7-4F05-B9E9-2548012FA3B1}.Debug|Any CPU.ActiveCfg = Debug|Any CPU
		{7210844E-41C7-4F05-B9E9-2548012FA3B1}.Debug|Any CPU.Build.0 = Debug|Any CPU
		{7210844E-41C7-4F05-B9E9-2548012FA3B1}.Release|Any CPU.ActiveCfg = Release|Any CPU
		{7210844E-41C7-4F05-B9E9-2548012FA3B1}.Release|Any CPU.Build.0 = Release|Any CPU
		{F6BE2072-DC4C-4A57-9511-B0575D3B9578}.Debug|Any CPU.ActiveCfg = Debug|Any CPU
		{F6BE2072-DC4C-4A57-9511-B0575D3B9578}.Debug|Any CPU.Build.0 = Debug|Any CPU
		{F6BE2072-DC4C-4A57-9511-B0575D3B9578}.Release|Any CPU.ActiveCfg = Release|Any CPU
		{F6BE2072-DC4C-4A57-9511-B0575D3B9578}.Release|Any CPU.Build.0 = Release|Any CPU
		{7CBB6E96-27A2-47A6-BF96-1FB29346A954}.Debug|Any CPU.ActiveCfg = Debug|Any CPU
		{7CBB6E96-27A2-47A6-BF96-1FB29346A954}.Debug|Any CPU.Build.0 = Debug|Any CPU
		{7CBB6E96-27A2-47A6-BF96-1FB29346A954}.Release|Any CPU.ActiveCfg = Release|Any CPU
		{7CBB6E96-27A2-47A6-BF96-1FB29346A954}.Release|Any CPU.Build.0 = Release|Any CPU
		{05E2C7AF-0A27-4D65-9253-7102DF5A35FD}.Debug|Any CPU.ActiveCfg = Debug|Any CPU
		{05E2C7AF-0A27-4D65-9253-7102DF5A35FD}.Debug|Any CPU.Build.0 = Debug|Any CPU
		{05E2C7AF-0A27-4D65-9253-7102DF5A35FD}.Release|Any CPU.ActiveCfg = Release|Any CPU
		{05E2C7AF-0A27-4D65-9253-7102DF5A35FD}.Release|Any CPU.Build.0 = Release|Any CPU
		{D3E5F642-DBE3-47FA-88BE-55B2513AC2CC}.Debug|Any CPU.ActiveCfg = Debug|Any CPU
		{D3E5F642-DBE3-47FA-88BE-55B2513AC2CC}.Debug|Any CPU.Build.0 = Debug|Any CPU
		{D3E5F642-DBE3-47FA-88BE-55B2513AC2CC}.Release|Any CPU.ActiveCfg = Release|Any CPU
		{D3E5F642-DBE3-47FA-88BE-55B2513AC2CC}.Release|Any CPU.Build.0 = Release|Any CPU
		{53BCCAB4-12D8-4CC4-98C8-D7FCB9D47FDC}.Debug|Any CPU.ActiveCfg = Debug|Any CPU
		{53BCCAB4-12D8-4CC4-98C8-D7FCB9D47FDC}.Debug|Any CPU.Build.0 = Debug|Any CPU
		{53BCCAB4-12D8-4CC4-98C8-D7FCB9D47FDC}.Release|Any CPU.ActiveCfg = Release|Any CPU
		{53BCCAB4-12D8-4CC4-98C8-D7FCB9D47FDC}.Release|Any CPU.Build.0 = Release|Any CPU
	EndGlobalSection
	GlobalSection(SolutionProperties) = preSolution
		HideSolutionNode = FALSE
	EndGlobalSection
	GlobalSection(NestedProjects) = preSolution
		{0021466C-1E15-45DC-AA9C-6BF837FF4676} = {4D100ACF-921B-4446-90A3-C81A5B24B1F8}
		{F021DA40-8E71-4CED-894F-DD27904FDE9A} = {777EA6FE-038F-4D85-8297-BA6A2BCC6DA5}
		{3B2DB3F9-B78E-42BD-B5BC-173F94C039E8} = {EC25E6D5-54B4-4B4E-85B7-8CEFF30DC7D1}
		{4D100ACF-921B-4446-90A3-C81A5B24B1F8} = {6457CA50-5004-44A4-9100-99DA3860F0D9}
		{5A1EC39F-9DFD-41F6-8C6C-253A4D17529F} = {6457CA50-5004-44A4-9100-99DA3860F0D9}
		{49E8FB14-351C-46E8-91D0-57D06BDC24E3} = {5A1EC39F-9DFD-41F6-8C6C-253A4D17529F}
		{5B54FC2D-EA0D-43B7-ADFB-EA1097D2AA17} = {6457CA50-5004-44A4-9100-99DA3860F0D9}
		{7211575D-5B45-4F0C-B61D-E4236F19A65D} = {6457CA50-5004-44A4-9100-99DA3860F0D9}
		{5741F648-2A8A-4042-8DB3-462F3BFF23DE} = {6457CA50-5004-44A4-9100-99DA3860F0D9}
		{AA768387-7A88-4D16-851D-F316FD3F20F6} = {5741F648-2A8A-4042-8DB3-462F3BFF23DE}
		{0409E3BD-2E74-4FF5-968C-DA973F9399A5} = {5741F648-2A8A-4042-8DB3-462F3BFF23DE}
		{D83D21A6-7F76-4624-84F4-DD7A174AC5D6} = {6457CA50-5004-44A4-9100-99DA3860F0D9}
		{CB154538-5AF5-4202-8872-760B5204624F} = {D83D21A6-7F76-4624-84F4-DD7A174AC5D6}
		{92CDC02C-4CFD-4FCC-85D3-3BFBE6B8A1BA} = {CB154538-5AF5-4202-8872-760B5204624F}
		{337497E1-B4EC-44F1-A42C-01F6CFD4B96D} = {0409E3BD-2E74-4FF5-968C-DA973F9399A5}
		{D396F6CB-D78C-43DF-ADDE-771DE3A5216E} = {AA768387-7A88-4D16-851D-F316FD3F20F6}
		{017DE104-5A18-4FB4-A076-A5844557E786} = {5B54FC2D-EA0D-43B7-ADFB-EA1097D2AA17}
		{7210844E-41C7-4F05-B9E9-2548012FA3B1} = {7211575D-5B45-4F0C-B61D-E4236F19A65D}
		{36B6BA78-797A-4491-B596-5EC00128CF9A} = {D83D21A6-7F76-4624-84F4-DD7A174AC5D6}
		{44E8875E-309A-4120-BA79-CF32C546A790} = {D83D21A6-7F76-4624-84F4-DD7A174AC5D6}
		{31A153E2-DC0B-4E1E-B5E6-B579BA4A9C6F} = {5741F648-2A8A-4042-8DB3-462F3BFF23DE}
		{F6BE2072-DC4C-4A57-9511-B0575D3B9578} = {57AE6172-4DA3-4656-B252-AFC160060ADD}
		{7CBB6E96-27A2-47A6-BF96-1FB29346A954} = {73F6F191-69EE-42BE-B04B-60CACE637F59}
		{05E2C7AF-0A27-4D65-9253-7102DF5A35FD} = {31A153E2-DC0B-4E1E-B5E6-B579BA4A9C6F}
		{D3E5F642-DBE3-47FA-88BE-55B2513AC2CC} = {36B6BA78-797A-4491-B596-5EC00128CF9A}
		{53BCCAB4-12D8-4CC4-98C8-D7FCB9D47FDC} = {44E8875E-309A-4120-BA79-CF32C546A790}
	EndGlobalSection
	GlobalSection(ExtensibilityGlobals) = postSolution
		SolutionGuid = {9313C269-2F6A-4B42-B456-97DE2B9AA866}
	EndGlobalSection
EndGlobal
